
Microsoft Visual Studio Solution File, Format Version 12.00
# Visual Studio 15
VisualStudioVersion = 15.0.26430.6
MinimumVisualStudioVersion = 10.0.40219.1
Project("{262852C6-CD72-467D-83FE-5EEB1973A190}") = "C7", "C7\C7.jsproj", "{70884D4D-64F4-4ADF-915A-82475A072838}"
EndProject
Global
	GlobalSection(SolutionConfigurationPlatforms) = preSolution
		Debug|Android = Debug|Android
		Debug|iOS = Debug|iOS
		Debug|Windows-ARM = Debug|Windows-ARM
		Debug|Windows-x64 = Debug|Windows-x64
		Debug|Windows-x86 = Debug|Windows-x86
		Release|Android = Release|Android
		Release|iOS = Release|iOS
		Release|Windows-ARM = Release|Windows-ARM
		Release|Windows-x64 = Release|Windows-x64
		Release|Windows-x86 = Release|Windows-x86
	EndGlobalSection
	GlobalSection(ProjectConfigurationPlatforms) = postSolution
		{70884D4D-64F4-4ADF-915A-82475A072838}.Debug|Android.ActiveCfg = Debug|Android
		{70884D4D-64F4-4ADF-915A-82475A072838}.Debug|Android.Build.0 = Debug|Android
		{70884D4D-64F4-4ADF-915A-82475A072838}.Debug|Android.Deploy.0 = Debug|Android
		{70884D4D-64F4-4ADF-915A-82475A072838}.Debug|iOS.ActiveCfg = Debug|iOS
		{70884D4D-64F4-4ADF-915A-82475A072838}.Debug|iOS.Build.0 = Debug|iOS
		{70884D4D-64F4-4ADF-915A-82475A072838}.Debug|iOS.Deploy.0 = Debug|iOS
		{70884D4D-64F4-4ADF-915A-82475A072838}.Debug|Windows-ARM.ActiveCfg = Debug|Windows-ARM
		{70884D4D-64F4-4ADF-915A-82475A072838}.Debug|Windows-ARM.Build.0 = Debug|Windows-ARM
		{70884D4D-64F4-4ADF-915A-82475A072838}.Debug|Windows-ARM.Deploy.0 = Debug|Windows-ARM
		{70884D4D-64F4-4ADF-915A-82475A072838}.Debug|Windows-x64.ActiveCfg = Debug|Windows-x64
		{70884D4D-64F4-4ADF-915A-82475A072838}.Debug|Windows-x64.Build.0 = Debug|Windows-x64
		{70884D4D-64F4-4ADF-915A-82475A072838}.Debug|Windows-x64.Deploy.0 = Debug|Windows-x64
		{70884D4D-64F4-4ADF-915A-82475A072838}.Debug|Windows-x86.ActiveCfg = Debug|Windows-x86
		{70884D4D-64F4-4ADF-915A-82475A072838}.Debug|Windows-x86.Build.0 = Debug|Windows-x86
		{70884D4D-64F4-4ADF-915A-82475A072838}.Debug|Windows-x86.Deploy.0 = Debug|Windows-x86
		{70884D4D-64F4-4ADF-915A-82475A072838}.Release|Android.ActiveCfg = Release|Android
		{70884D4D-64F4-4ADF-915A-82475A072838}.Release|Android.Build.0 = Release|Android
		{70884D4D-64F4-4ADF-915A-82475A072838}.Release|Android.Deploy.0 = Release|Android
		{70884D4D-64F4-4ADF-915A-82475A072838}.Release|iOS.ActiveCfg = Release|iOS
		{70884D4D-64F4-4ADF-915A-82475A072838}.Release|iOS.Build.0 = Release|iOS
		{70884D4D-64F4-4ADF-915A-82475A072838}.Release|iOS.Deploy.0 = Release|iOS
		{70884D4D-64F4-4ADF-915A-82475A072838}.Release|Windows-ARM.ActiveCfg = Release|Windows-ARM
		{70884D4D-64F4-4ADF-915A-82475A072838}.Release|Windows-ARM.Build.0 = Release|Windows-ARM
		{70884D4D-64F4-4ADF-915A-82475A072838}.Release|Windows-ARM.Deploy.0 = Release|Windows-ARM
		{70884D4D-64F4-4ADF-915A-82475A072838}.Release|Windows-x64.ActiveCfg = Release|Windows-x64
		{70884D4D-64F4-4ADF-915A-82475A072838}.Release|Windows-x64.Build.0 = Release|Windows-x64
		{70884D4D-64F4-4ADF-915A-82475A072838}.Release|Windows-x64.Deploy.0 = Release|Windows-x64
		{70884D4D-64F4-4ADF-915A-82475A072838}.Release|Windows-x86.ActiveCfg = Release|Windows-x86
		{70884D4D-64F4-4ADF-915A-82475A072838}.Release|Windows-x86.Build.0 = Release|Windows-x86
		{70884D4D-64F4-4ADF-915A-82475A072838}.Release|Windows-x86.Deploy.0 = Release|Windows-x86
	EndGlobalSection
	GlobalSection(SolutionProperties) = preSolution
		HideSolutionNode = FALSE
	EndGlobalSection
EndGlobal
